<?xml version="1.0" encoding="utf-8"?>
<Project ToolsVersion="4.0" xmlns="http://schemas.microsoft.com/developer/msbuild/2003">
  <ItemGroup>
    <Filter Include="Pliki źródłowe">
      <UniqueIdentifier>{4FC737F1-C7A5-4376-A066-2A32D752A2FF}</UniqueIdentifier>
      <Extensions>cpp;c;cc;cxx;c++;cppm;ixx;def;odl;idl;hpj;bat;asm;asmx</Extensions>
    </Filter>
    <Filter Include="Pliki nagłówkowe">
      <UniqueIdentifier>{93995380-89BD-4b04-88EB-625FBE52EBFB}</UniqueIdentifier>
      <Extensions>h;hh;hpp;hxx;h++;hm;inl;inc;ipp;xsd</Extensions>
    </Filter>
    <Filter Include="Pliki zasobów">
      <UniqueIdentifier>{67DA6AB6-F800-4c08-8B7A-83BB121AAD01}</UniqueIdentifier>
      <Extensions>rc;ico;cur;bmp;dlg;rc2;rct;bin;rgs;gif;jpg;jpeg;jpe;resx;tiff;tif;png;wav;mfcribbon-ms</Extensions>
    </Filter>
    <Filter Include="Day1">
      <UniqueIdentifier>{87dfea74-ac68-44ad-ac54-34215c55cf4c}</UniqueIdentifier>
    </Filter>
    <Filter Include="Day2">
      <UniqueIdentifier>{4409a230-00aa-4644-a7fd-f1d6a005ea43}</UniqueIdentifier>
    </Filter>
    <Filter Include="Day3">
      <UniqueIdentifier>{29e49fb1-3fcf-49af-8d3f-57d4786ee244}</UniqueIdentifier>
    </Filter>
    <Filter Include="Day4">
      <UniqueIdentifier>{8689644d-1933-446a-8444-8e62c7b8ec57}</UniqueIdentifier>
    </Filter>
    <Filter Include="Day5">
      <UniqueIdentifier>{45463b2b-7e51-4464-ad00-59673c510b3d}</UniqueIdentifier>
    </Filter>
    <Filter Include="Day6">
      <UniqueIdentifier>{6f289126-ce11-49b0-b4c8-1fb4faaa6fd5}</UniqueIdentifier>
    </Filter>
    <Filter Include="Day7">
      <UniqueIdentifier>{5f11e813-60ce-44ae-9b5c-43eb41c2f07c}</UniqueIdentifier>
    </Filter>
    <Filter Include="Day8">
      <UniqueIdentifier>{250ac384-ef8e-4129-a57a-cbd4759870a3}</UniqueIdentifier>
    </Filter>
    <Filter Include="Day9">
      <UniqueIdentifier>{e819d67d-4a9d-48e2-974f-9dd62cf1bd28}</UniqueIdentifier>
    </Filter>
    <Filter Include="Day10">
      <UniqueIdentifier>{3840719f-c29e-44ad-ad32-aae2648adf82}</UniqueIdentifier>
    </Filter>
  </ItemGroup>
  <ItemGroup>
    <ClCompile Include="main.cpp">
      <Filter>Pliki źródłowe</Filter>
    </ClCompile>
    <ClCompile Include="Utility\FileReading.cpp">
      <Filter>Pliki źródłowe</Filter>
    </ClCompile>
    <ClCompile Include="Utility\SupportFunc.cpp">
      <Filter>Pliki źródłowe</Filter>
    </ClCompile>
    <ClCompile Include="Day1\Day1.cpp">
      <Filter>Day1</Filter>
    </ClCompile>
    <ClCompile Include="Day2\Day2.cpp">
      <Filter>Day2</Filter>
    </ClCompile>
    <ClCompile Include="Day3\Day3.cpp">
      <Filter>Day3</Filter>
    </ClCompile>
    <ClCompile Include="Day4\Day4.cpp">
      <Filter>Day4</Filter>
    </ClCompile>
    <ClCompile Include="Day5\Day5.cpp">
      <Filter>Day5</Filter>
    </ClCompile>
    <ClCompile Include="Day6\Day6.cpp">
      <Filter>Day6</Filter>
    </ClCompile>
    <ClCompile Include="Day7\Day7.cpp">
      <Filter>Day7</Filter>
    </ClCompile>
    <ClCompile Include="Day8\Day8.cpp">
      <Filter>Day8</Filter>
    </ClCompile>
    <ClCompile Include="Day9\Day9.cpp">
      <Filter>Day9</Filter>
    </ClCompile>
    <ClCompile Include="Day9\Day9Anim.cpp">
      <Filter>Day9</Filter>
    </ClCompile>
    <ClCompile Include="Day10\Day10.cpp">
      <Filter>Day10</Filter>
    </ClCompile>
  </ItemGroup>
  <ItemGroup>
    <ClInclude Include="Utility\AOCdays.h">
      <Filter>Pliki nagłówkowe</Filter>
    </ClInclude>
    <ClInclude Include="Utility\FileReading.h">
      <Filter>Pliki nagłówkowe</Filter>
    </ClInclude>
    <ClInclude Include="Utility\SupportFunc.h">
      <Filter>Pliki nagłówkowe</Filter>
    </ClInclude>
    <ClInclude Include="Day1\Day1.h">
      <Filter>Day1</Filter>
    </ClInclude>
    <ClInclude Include="Day2\Day2.h">
      <Filter>Day2</Filter>
    </ClInclude>
    <ClInclude Include="Day3\Day3.h">
      <Filter>Day3</Filter>
    </ClInclude>
    <ClInclude Include="Day4\Day4.h">
      <Filter>Day4</Filter>
    </ClInclude>
    <ClInclude Include="Day5\Day5.h">
      <Filter>Day5</Filter>
    </ClInclude>
    <ClInclude Include="Day6\Day6.h">
      <Filter>Day6</Filter>
    </ClInclude>
    <ClInclude Include="Day7\Day7.h">
      <Filter>Day7</Filter>
    </ClInclude>
    <ClInclude Include="Day8\Day8.h">
      <Filter>Day8</Filter>
    </ClInclude>
    <ClInclude Include="Day9\Day9.h">
      <Filter>Day9</Filter>
    </ClInclude>
    <ClInclude Include="Day9\Day9Anim.h">
      <Filter>Day9</Filter>
    </ClInclude>
    <ClInclude Include="Day10\Day10.h">
      <Filter>Day10</Filter>
    </ClInclude>
  </ItemGroup>
</Project>